
Microsoft Visual Studio Solution File, Format Version 12.00
# Visual Studio Version 17
VisualStudioVersion = 17.0.32112.339
MinimumVisualStudioVersion = 10.0.40219.1
Project("{FAE04EC0-301F-11D3-BF4B-00C04F79EFBC}") = "GPAxCalculator", "GPAxCalculator\GPAxCalculator.csproj", "{2C9DE4F2-1611-41A7-9C26-E4728B8EFF70}"
EndProject
Global
	GlobalSection(SolutionConfigurationPlatforms) = preSolution
		Debug|Any CPU = Debug|Any CPU
		Release|Any CPU = Release|Any CPU
	EndGlobalSection
	GlobalSection(ProjectConfigurationPlatforms) = postSolution
		{2C9DE4F2-1611-41A7-9C26-E4728B8EFF70}.Debug|Any CPU.ActiveCfg = Debug|Any CPU
		{2C9DE4F2-1611-41A7-9C26-E4728B8EFF70}.Debug|Any CPU.Build.0 = Debug|Any CPU
		{2C9DE4F2-1611-41A7-9C26-E4728B8EFF70}.Release|Any CPU.ActiveCfg = Release|Any CPU
		{2C9DE4F2-1611-41A7-9C26-E4728B8EFF70}.Release|Any CPU.Build.0 = Release|Any CPU
	EndGlobalSection
	GlobalSection(SolutionProperties) = preSolution
		HideSolutionNode = FALSE
	EndGlobalSection
	GlobalSection(ExtensibilityGlobals) = postSolution
		SolutionGuid = {7BC1627C-3663-4512-8456-CE5F6BA3C219}
	EndGlobalSection
EndGlobal
